
Microsoft Visual Studio Solution File, Format Version 12.00
# Visual Studio 15
VisualStudioVersion = 15.0.28307.271
MinimumVisualStudioVersion = 10.0.40219.1
Project("{FAE04EC0-301F-11D3-BF4B-00C04F79EFBC}") = "Mp4toMp3", "Mp4toMp3\Mp4toMp3.csproj", "{ADCE2836-D4FF-4892-AC95-594F69360F41}"
EndProject
Global
	GlobalSection(SolutionConfigurationPlatforms) = preSolution
		Debug|Any CPU = Debug|Any CPU
		Release|Any CPU = Release|Any CPU
	EndGlobalSection
	GlobalSection(ProjectConfigurationPlatforms) = postSolution
		{ADCE2836-D4FF-4892-AC95-594F69360F41}.Debug|Any CPU.ActiveCfg = Debug|Any CPU
		{ADCE2836-D4FF-4892-AC95-594F69360F41}.Debug|Any CPU.Build.0 = Debug|Any CPU
		{ADCE2836-D4FF-4892-AC95-594F69360F41}.Release|Any CPU.ActiveCfg = Release|Any CPU
		{ADCE2836-D4FF-4892-AC95-594F69360F41}.Release|Any CPU.Build.0 = Release|Any CPU
	EndGlobalSection
	GlobalSection(SolutionProperties) = preSolution
		HideSolutionNode = FALSE
	EndGlobalSection
	GlobalSection(ExtensibilityGlobals) = postSolution
		SolutionGuid = {9F7A44E7-20D2-43C2-8DB1-64A6DFC0D274}
	EndGlobalSection
EndGlobal
